
Microsoft Visual Studio Solution File, Format Version 12.00
# Visual Studio Version 17
VisualStudioVersion = 17.0.31903.59
MinimumVisualStudioVersion = 10.0.40219.1
Project("{2150E333-8FDC-42A3-9474-1A3956D46DE8}") = "src", "src", "{827E0CD3-B72D-47B6-A68D-7590B98EB39B}"
EndProject
Project("{FAE04EC0-301F-11D3-BF4B-00C04F79EFBC}") = "MudBlazorLab.Web", "src\MudBlazorLab.Web\MudBlazorLab.Web.csproj", "{9233F32F-2135-4F70-A8E6-1274E81E26DB}"
EndProject
Project("{FAE04EC0-301F-11D3-BF4B-00C04F79EFBC}") = "MudBlazorLab.Components", "src\MudBlazorLab.Components\MudBlazorLab.Components.csproj", "{FF85664D-55C2-42C1-8D6C-1DC299C5A945}"
EndProject
Project("{2150E333-8FDC-42A3-9474-1A3956D46DE8}") = "tests", "tests", "{0AB3BF05-4346-4AA6-1389-037BE0695223}"
EndProject
Project("{FAE04EC0-301F-11D3-BF4B-00C04F79EFBC}") = "MudBlazorLab.ComponentTests", "tests\MudBlazorLab.ComponentTests\MudBlazorLab.ComponentTests.csproj", "{D850576D-A5CF-4EB5-A530-BB752E4283D9}"
EndProject
Project("{FAE04EC0-301F-11D3-BF4B-00C04F79EFBC}") = "MudBlazorLab.E2E", "tests\MudBlazorLab.E2E\MudBlazorLab.E2E.csproj", "{1BF4EFEC-9E0C-4189-B369-509FE444D390}"
EndProject
Global
	GlobalSection(SolutionConfigurationPlatforms) = preSolution
		Debug|Any CPU = Debug|Any CPU
		Debug|x64 = Debug|x64
		Debug|x86 = Debug|x86
		Release|Any CPU = Release|Any CPU
		Release|x64 = Release|x64
		Release|x86 = Release|x86
	EndGlobalSection
	GlobalSection(ProjectConfigurationPlatforms) = postSolution
		{9233F32F-2135-4F70-A8E6-1274E81E26DB}.Debug|Any CPU.ActiveCfg = Debug|Any CPU
		{9233F32F-2135-4F70-A8E6-1274E81E26DB}.Debug|Any CPU.Build.0 = Debug|Any CPU
		{9233F32F-2135-4F70-A8E6-1274E81E26DB}.Debug|x64.ActiveCfg = Debug|Any CPU
		{9233F32F-2135-4F70-A8E6-1274E81E26DB}.Debug|x64.Build.0 = Debug|Any CPU
		{9233F32F-2135-4F70-A8E6-1274E81E26DB}.Debug|x86.ActiveCfg = Debug|Any CPU
		{9233F32F-2135-4F70-A8E6-1274E81E26DB}.Debug|x86.Build.0 = Debug|Any CPU
		{9233F32F-2135-4F70-A8E6-1274E81E26DB}.Release|Any CPU.ActiveCfg = Release|Any CPU
		{9233F32F-2135-4F70-A8E6-1274E81E26DB}.Release|Any CPU.Build.0 = Release|Any CPU
		{9233F32F-2135-4F70-A8E6-1274E81E26DB}.Release|x64.ActiveCfg = Release|Any CPU
		{9233F32F-2135-4F70-A8E6-1274E81E26DB}.Release|x64.Build.0 = Release|Any CPU
		{9233F32F-2135-4F70-A8E6-1274E81E26DB}.Release|x86.ActiveCfg = Release|Any CPU
		{9233F32F-2135-4F70-A8E6-1274E81E26DB}.Release|x86.Build.0 = Release|Any CPU
		{FF85664D-55C2-42C1-8D6C-1DC299C5A945}.Debug|Any CPU.ActiveCfg = Debug|Any CPU
		{FF85664D-55C2-42C1-8D6C-1DC299C5A945}.Debug|Any CPU.Build.0 = Debug|Any CPU
		{FF85664D-55C2-42C1-8D6C-1DC299C5A945}.Debug|x64.ActiveCfg = Debug|Any CPU
		{FF85664D-55C2-42C1-8D6C-1DC299C5A945}.Debug|x64.Build.0 = Debug|Any CPU
		{FF85664D-55C2-42C1-8D6C-1DC299C5A945}.Debug|x86.ActiveCfg = Debug|Any CPU
		{FF85664D-55C2-42C1-8D6C-1DC299C5A945}.Debug|x86.Build.0 = Debug|Any CPU
		{FF85664D-55C2-42C1-8D6C-1DC299C5A945}.Release|Any CPU.ActiveCfg = Release|Any CPU
		{FF85664D-55C2-42C1-8D6C-1DC299C5A945}.Release|Any CPU.Build.0 = Release|Any CPU
		{FF85664D-55C2-42C1-8D6C-1DC299C5A945}.Release|x64.ActiveCfg = Release|Any CPU
		{FF85664D-55C2-42C1-8D6C-1DC299C5A945}.Release|x64.Build.0 = Release|Any CPU
		{FF85664D-55C2-42C1-8D6C-1DC299C5A945}.Release|x86.ActiveCfg = Release|Any CPU
		{FF85664D-55C2-42C1-8D6C-1DC299C5A945}.Release|x86.Build.0 = Release|Any CPU
		{D850576D-A5CF-4EB5-A530-BB752E4283D9}.Debug|Any CPU.ActiveCfg = Debug|Any CPU
		{D850576D-A5CF-4EB5-A530-BB752E4283D9}.Debug|Any CPU.Build.0 = Debug|Any CPU
		{D850576D-A5CF-4EB5-A530-BB752E4283D9}.Debug|x64.ActiveCfg = Debug|Any CPU
		{D850576D-A5CF-4EB5-A530-BB752E4283D9}.Debug|x64.Build.0 = Debug|Any CPU
		{D850576D-A5CF-4EB5-A530-BB752E4283D9}.Debug|x86.ActiveCfg = Debug|Any CPU
		{D850576D-A5CF-4EB5-A530-BB752E4283D9}.Debug|x86.Build.0 = Debug|Any CPU
		{D850576D-A5CF-4EB5-A530-BB752E4283D9}.Release|Any CPU.ActiveCfg = Release|Any CPU
		{D850576D-A5CF-4EB5-A530-BB752E4283D9}.Release|Any CPU.Build.0 = Release|Any CPU
		{D850576D-A5CF-4EB5-A530-BB752E4283D9}.Release|x64.ActiveCfg = Release|Any CPU
		{D850576D-A5CF-4EB5-A530-BB752E4283D9}.Release|x64.Build.0 = Release|Any CPU
		{D850576D-A5CF-4EB5-A530-BB752E4283D9}.Release|x86.ActiveCfg = Release|Any CPU
		{D850576D-A5CF-4EB5-A530-BB752E4283D9}.Release|x86.Build.0 = Release|Any CPU
		{1BF4EFEC-9E0C-4189-B369-509FE444D390}.Debug|Any CPU.ActiveCfg = Debug|Any CPU
		{1BF4EFEC-9E0C-4189-B369-509FE444D390}.Debug|Any CPU.Build.0 = Debug|Any CPU
		{1BF4EFEC-9E0C-4189-B369-509FE444D390}.Debug|x64.ActiveCfg = Debug|Any CPU
		{1BF4EFEC-9E0C-4189-B369-509FE444D390}.Debug|x64.Build.0 = Debug|Any CPU
		{1BF4EFEC-9E0C-4189-B369-509FE444D390}.Debug|x86.ActiveCfg = Debug|Any CPU
		{1BF4EFEC-9E0C-4189-B369-509FE444D390}.Debug|x86.Build.0 = Debug|Any CPU
		{1BF4EFEC-9E0C-4189-B369-509FE444D390}.Release|Any CPU.ActiveCfg = Release|Any CPU
		{1BF4EFEC-9E0C-4189-B369-509FE444D390}.Release|Any CPU.Build.0 = Release|Any CPU
		{1BF4EFEC-9E0C-4189-B369-509FE444D390}.Release|x64.ActiveCfg = Release|Any CPU
		{1BF4EFEC-9E0C-4189-B369-509FE444D390}.Release|x64.Build.0 = Release|Any CPU
		{1BF4EFEC-9E0C-4189-B369-509FE444D390}.Release|x86.ActiveCfg = Release|Any CPU
		{1BF4EFEC-9E0C-4189-B369-509FE444D390}.Release|x86.Build.0 = Release|Any CPU
	EndGlobalSection
	GlobalSection(SolutionProperties) = preSolution
		HideSolutionNode = FALSE
	EndGlobalSection
	GlobalSection(NestedProjects) = preSolution
		{9233F32F-2135-4F70-A8E6-1274E81E26DB} = {827E0CD3-B72D-47B6-A68D-7590B98EB39B}
		{FF85664D-55C2-42C1-8D6C-1DC299C5A945} = {827E0CD3-B72D-47B6-A68D-7590B98EB39B}
		{D850576D-A5CF-4EB5-A530-BB752E4283D9} = {0AB3BF05-4346-4AA6-1389-037BE0695223}
		{1BF4EFEC-9E0C-4189-B369-509FE444D390} = {0AB3BF05-4346-4AA6-1389-037BE0695223}
	EndGlobalSection
EndGlobal
