<Solution>
  <Configurations>
    <Platform Name="Any CPU" />
    <Platform Name="x64" />
    <Platform Name="x86" />
  </Configurations>
  <Folder Name="/src/apps/">
    <Project Path="src/apps/Inventory.Web/Inventory.Web.csproj" />
    <Project Path="src/apps/Factory.Web/Factory.Web.csproj" />
  </Folder>
  <Folder Name="/src/libs/Inventory/">
    <Project Path="src/libs/Inventory/Inventory.Domain/Inventory.Domain.csproj" />
    <Project Path="src/libs/Inventory/Inventory.Infrastructure/Inventory.Infrastructure.csproj" />
  </Folder>
  <Folder Name="/src/libs/components/">
    <Project Path="src/libs/components/MudBlazorLab.Components/MudBlazorLab.Components.csproj" />
    <Project Path="src/libs/components/Factory.Components/Factory.Components.csproj" />
  </Folder>
  <Folder Name="/src/libs/factory/">
    <Project Path="src/libs/factory/Factory.Domain/Factory.Domain.csproj" />
    <Project Path="src/libs/factory/Factory.Simulation/Factory.Simulation.csproj" />
    <Project Path="src/libs/factory/Factory.Infrastructure/Factory.Infrastructure.csproj" />
  </Folder>
  <Folder Name="/samples/">
    <Project Path="samples/MudBlazorLab.Web/MudBlazorLab.Web.csproj" Id="f22376ad-d0ef-4931-a8b4-53e8b7f377af" />
  </Folder>
  <Folder Name="/tests/Inventory/">
    <Project Path="tests/Inventory.ComponentTests/Inventory.ComponentTests.csproj" />
    <Project Path="tests/Inventory.E2E/Inventory.E2E.csproj" />
    <Project Path="tests/Inventory.Tests/Inventory.Tests.csproj" />
    <Project Path="tests/Inventory.Unit/Inventory.Unit.csproj" />
  </Folder>
  <Folder Name="/tests/MudBlazorLab/">
    <Project Path="tests/MudBlazorLab.ComponentTests/MudBlazorLab.ComponentTests.csproj" />
    <Project Path="tests/MudBlazorLab.E2E/MudBlazorLab.E2E.csproj" />
  </Folder>
</Solution>
